
Microsoft Visual Studio Solution File, Format Version 11.00
# Visual Studio 2010
Project("{8BC9CEB8-8B4A-11D0-8D11-00A0C91BC942}") = "Scene", "Scene\Scene.vcxproj", "{B571ADD8-E7C6-4B91-AF22-1559B8F53C5E}"
	ProjectSection(ProjectDependencies) = postProject
		{694D21C1-B4D1-4FFA-B43C-4CD3E10A651F} = {694D21C1-B4D1-4FFA-B43C-4CD3E10A651F}
	EndProjectSection
EndProject
Project("{8BC9CEB8-8B4A-11D0-8D11-00A0C91BC942}") = "TestGameApp", "TestGameApp\TestGameApp.vcxproj", "{8B1DA738-14A2-46E0-AA25-E1EC4C14F3E1}"
	ProjectSection(ProjectDependencies) = postProject
		{E8F6545E-81C1-4BC3-8FEF-8450441F856F} = {E8F6545E-81C1-4BC3-8FEF-8450441F856F}
	EndProjectSection
EndProject
Project("{8BC9CEB8-8B4A-11D0-8D11-00A0C91BC942}") = "Framework", "Framework\Framework.vcxproj", "{ECE89A66-C6FA-438E-B23C-EB210873CE8A}"
	ProjectSection(ProjectDependencies) = postProject
		{C45B3D41-2826-4FE9-843F-B4F9F7FC87AA} = {C45B3D41-2826-4FE9-843F-B4F9F7FC87AA}
		{6CBAC35D-C4EC-40BD-BC02-2EA4CE13ED10} = {6CBAC35D-C4EC-40BD-BC02-2EA4CE13ED10}
		{E8F6545E-81C1-4BC3-8FEF-8450441F856F} = {E8F6545E-81C1-4BC3-8FEF-8450441F856F}
		{B594906C-0F0D-486B-8AF0-9C8BBDDCBF41} = {B594906C-0F0D-486B-8AF0-9C8BBDDCBF41}
		{0CFFAD72-548F-4384-B3C6-80B1027B9DFA} = {0CFFAD72-548F-4384-B3C6-80B1027B9DFA}
		{694D21C1-B4D1-4FFA-B43C-4CD3E10A651F} = {694D21C1-B4D1-4FFA-B43C-4CD3E10A651F}
		{543ECDD1-7E9F-4055-98E4-034F3FA03052} = {543ECDD1-7E9F-4055-98E4-034F3FA03052}
		{B571ADD8-E7C6-4B91-AF22-1559B8F53C5E} = {B571ADD8-E7C6-4B91-AF22-1559B8F53C5E}
	EndProjectSection
EndProject
Project("{8BC9CEB8-8B4A-11D0-8D11-00A0C91BC942}") = "Foundation", "Foundation\Foundation.vcxproj", "{6CBAC35D-C4EC-40BD-BC02-2EA4CE13ED10}"
EndProject
Project("{8BC9CEB8-8B4A-11D0-8D11-00A0C91BC942}") = "GUI", "GUI\GUI.vcxproj", "{B594906C-0F0D-486B-8AF0-9C8BBDDCBF41}"
EndProject
Project("{8BC9CEB8-8B4A-11D0-8D11-00A0C91BC942}") = "Resource", "Resource\Resource.vcxproj", "{543ECDD1-7E9F-4055-98E4-034F3FA03052}"
EndProject
Project("{8BC9CEB8-8B4A-11D0-8D11-00A0C91BC942}") = "ASEParser", "ASEParser\ASEParser.vcxproj", "{C45B3D41-2826-4FE9-843F-B4F9F7FC87AA}"
EndProject
Project("{8BC9CEB8-8B4A-11D0-8D11-00A0C91BC942}") = "Math", "Math\Math.vcxproj", "{0CFFAD72-548F-4384-B3C6-80B1027B9DFA}"
EndProject
Project("{8BC9CEB8-8B4A-11D0-8D11-00A0C91BC942}") = "Graphics", "Graphics\Graphics.vcxproj", "{694D21C1-B4D1-4FFA-B43C-4CD3E10A651F}"
EndProject
Project("{8BC9CEB8-8B4A-11D0-8D11-00A0C91BC942}") = "Input", "Input\Input.vcxproj", "{E8F6545E-81C1-4BC3-8FEF-8450441F856F}"
EndProject
Project("{8BC9CEB8-8B4A-11D0-8D11-00A0C91BC942}") = "AssetViewer", "AssetViewer\AssetViewer.vcxproj", "{A7CFBAD4-57FD-4D94-83C4-111B25D2CB05}"
	ProjectSection(ProjectDependencies) = postProject
		{C45B3D41-2826-4FE9-843F-B4F9F7FC87AA} = {C45B3D41-2826-4FE9-843F-B4F9F7FC87AA}
		{6CBAC35D-C4EC-40BD-BC02-2EA4CE13ED10} = {6CBAC35D-C4EC-40BD-BC02-2EA4CE13ED10}
		{E8F6545E-81C1-4BC3-8FEF-8450441F856F} = {E8F6545E-81C1-4BC3-8FEF-8450441F856F}
		{B594906C-0F0D-486B-8AF0-9C8BBDDCBF41} = {B594906C-0F0D-486B-8AF0-9C8BBDDCBF41}
		{0CFFAD72-548F-4384-B3C6-80B1027B9DFA} = {0CFFAD72-548F-4384-B3C6-80B1027B9DFA}
		{694D21C1-B4D1-4FFA-B43C-4CD3E10A651F} = {694D21C1-B4D1-4FFA-B43C-4CD3E10A651F}
		{543ECDD1-7E9F-4055-98E4-034F3FA03052} = {543ECDD1-7E9F-4055-98E4-034F3FA03052}
		{B571ADD8-E7C6-4B91-AF22-1559B8F53C5E} = {B571ADD8-E7C6-4B91-AF22-1559B8F53C5E}
	EndProjectSection
EndProject
Project("{8BC9CEB8-8B4A-11D0-8D11-00A0C91BC942}") = "asciiexp", "MaxExporter\asciiexp.vcxproj", "{6872903F-03A5-43C4-B5FA-2B6232BD44CC}"
EndProject
Global
	GlobalSection(SolutionConfigurationPlatforms) = preSolution
		Debug_AssetViewer|Win32 = Debug_AssetViewer|Win32
		Debug|Win32 = Debug|Win32
		Hybrid|Win32 = Hybrid|Win32
		Release|Win32 = Release|Win32
	EndGlobalSection
	GlobalSection(ProjectConfigurationPlatforms) = postSolution
		{B571ADD8-E7C6-4B91-AF22-1559B8F53C5E}.Debug_AssetViewer|Win32.ActiveCfg = Debug_AssetViewer|Win32
		{B571ADD8-E7C6-4B91-AF22-1559B8F53C5E}.Debug_AssetViewer|Win32.Build.0 = Debug_AssetViewer|Win32
		{B571ADD8-E7C6-4B91-AF22-1559B8F53C5E}.Debug|Win32.ActiveCfg = Debug|Win32
		{B571ADD8-E7C6-4B91-AF22-1559B8F53C5E}.Debug|Win32.Build.0 = Debug|Win32
		{B571ADD8-E7C6-4B91-AF22-1559B8F53C5E}.Hybrid|Win32.ActiveCfg = Release|Win32
		{B571ADD8-E7C6-4B91-AF22-1559B8F53C5E}.Hybrid|Win32.Build.0 = Release|Win32
		{B571ADD8-E7C6-4B91-AF22-1559B8F53C5E}.Release|Win32.ActiveCfg = Release|Win32
		{B571ADD8-E7C6-4B91-AF22-1559B8F53C5E}.Release|Win32.Build.0 = Release|Win32
		{8B1DA738-14A2-46E0-AA25-E1EC4C14F3E1}.Debug_AssetViewer|Win32.ActiveCfg = Debug_AssetViewer|Win32
		{8B1DA738-14A2-46E0-AA25-E1EC4C14F3E1}.Debug_AssetViewer|Win32.Build.0 = Debug_AssetViewer|Win32
		{8B1DA738-14A2-46E0-AA25-E1EC4C14F3E1}.Debug|Win32.ActiveCfg = Debug|Win32
		{8B1DA738-14A2-46E0-AA25-E1EC4C14F3E1}.Debug|Win32.Build.0 = Debug|Win32
		{8B1DA738-14A2-46E0-AA25-E1EC4C14F3E1}.Hybrid|Win32.ActiveCfg = Release|Win32
		{8B1DA738-14A2-46E0-AA25-E1EC4C14F3E1}.Hybrid|Win32.Build.0 = Release|Win32
		{8B1DA738-14A2-46E0-AA25-E1EC4C14F3E1}.Release|Win32.ActiveCfg = Release|Win32
		{8B1DA738-14A2-46E0-AA25-E1EC4C14F3E1}.Release|Win32.Build.0 = Release|Win32
		{ECE89A66-C6FA-438E-B23C-EB210873CE8A}.Debug_AssetViewer|Win32.ActiveCfg = Debug_AssetViewer|Win32
		{ECE89A66-C6FA-438E-B23C-EB210873CE8A}.Debug_AssetViewer|Win32.Build.0 = Debug_AssetViewer|Win32
		{ECE89A66-C6FA-438E-B23C-EB210873CE8A}.Debug|Win32.ActiveCfg = Debug|Win32
		{ECE89A66-C6FA-438E-B23C-EB210873CE8A}.Debug|Win32.Build.0 = Debug|Win32
		{ECE89A66-C6FA-438E-B23C-EB210873CE8A}.Hybrid|Win32.ActiveCfg = Release|Win32
		{ECE89A66-C6FA-438E-B23C-EB210873CE8A}.Hybrid|Win32.Build.0 = Release|Win32
		{ECE89A66-C6FA-438E-B23C-EB210873CE8A}.Release|Win32.ActiveCfg = Release|Win32
		{ECE89A66-C6FA-438E-B23C-EB210873CE8A}.Release|Win32.Build.0 = Release|Win32
		{6CBAC35D-C4EC-40BD-BC02-2EA4CE13ED10}.Debug_AssetViewer|Win32.ActiveCfg = Debug_AssetViewer|Win32
		{6CBAC35D-C4EC-40BD-BC02-2EA4CE13ED10}.Debug_AssetViewer|Win32.Build.0 = Debug_AssetViewer|Win32
		{6CBAC35D-C4EC-40BD-BC02-2EA4CE13ED10}.Debug|Win32.ActiveCfg = Debug|Win32
		{6CBAC35D-C4EC-40BD-BC02-2EA4CE13ED10}.Debug|Win32.Build.0 = Debug|Win32
		{6CBAC35D-C4EC-40BD-BC02-2EA4CE13ED10}.Hybrid|Win32.ActiveCfg = Release|Win32
		{6CBAC35D-C4EC-40BD-BC02-2EA4CE13ED10}.Hybrid|Win32.Build.0 = Release|Win32
		{6CBAC35D-C4EC-40BD-BC02-2EA4CE13ED10}.Release|Win32.ActiveCfg = Release|Win32
		{6CBAC35D-C4EC-40BD-BC02-2EA4CE13ED10}.Release|Win32.Build.0 = Release|Win32
		{B594906C-0F0D-486B-8AF0-9C8BBDDCBF41}.Debug_AssetViewer|Win32.ActiveCfg = Debug_AssetViewer|Win32
		{B594906C-0F0D-486B-8AF0-9C8BBDDCBF41}.Debug_AssetViewer|Win32.Build.0 = Debug_AssetViewer|Win32
		{B594906C-0F0D-486B-8AF0-9C8BBDDCBF41}.Debug|Win32.ActiveCfg = Debug|Win32
		{B594906C-0F0D-486B-8AF0-9C8BBDDCBF41}.Debug|Win32.Build.0 = Debug|Win32
		{B594906C-0F0D-486B-8AF0-9C8BBDDCBF41}.Hybrid|Win32.ActiveCfg = Release|Win32
		{B594906C-0F0D-486B-8AF0-9C8BBDDCBF41}.Hybrid|Win32.Build.0 = Release|Win32
		{B594906C-0F0D-486B-8AF0-9C8BBDDCBF41}.Release|Win32.ActiveCfg = Release|Win32
		{B594906C-0F0D-486B-8AF0-9C8BBDDCBF41}.Release|Win32.Build.0 = Release|Win32
		{543ECDD1-7E9F-4055-98E4-034F3FA03052}.Debug_AssetViewer|Win32.ActiveCfg = Debug_AssetViewer|Win32
		{543ECDD1-7E9F-4055-98E4-034F3FA03052}.Debug_AssetViewer|Win32.Build.0 = Debug_AssetViewer|Win32
		{543ECDD1-7E9F-4055-98E4-034F3FA03052}.Debug|Win32.ActiveCfg = Debug|Win32
		{543ECDD1-7E9F-4055-98E4-034F3FA03052}.Debug|Win32.Build.0 = Debug|Win32
		{543ECDD1-7E9F-4055-98E4-034F3FA03052}.Hybrid|Win32.ActiveCfg = Release|Win32
		{543ECDD1-7E9F-4055-98E4-034F3FA03052}.Hybrid|Win32.Build.0 = Release|Win32
		{543ECDD1-7E9F-4055-98E4-034F3FA03052}.Release|Win32.ActiveCfg = Release|Win32
		{543ECDD1-7E9F-4055-98E4-034F3FA03052}.Release|Win32.Build.0 = Release|Win32
		{C45B3D41-2826-4FE9-843F-B4F9F7FC87AA}.Debug_AssetViewer|Win32.ActiveCfg = Debug_AssetViewer|Win32
		{C45B3D41-2826-4FE9-843F-B4F9F7FC87AA}.Debug_AssetViewer|Win32.Build.0 = Debug_AssetViewer|Win32
		{C45B3D41-2826-4FE9-843F-B4F9F7FC87AA}.Debug|Win32.ActiveCfg = Debug|Win32
		{C45B3D41-2826-4FE9-843F-B4F9F7FC87AA}.Debug|Win32.Build.0 = Debug|Win32
		{C45B3D41-2826-4FE9-843F-B4F9F7FC87AA}.Hybrid|Win32.ActiveCfg = Release|Win32
		{C45B3D41-2826-4FE9-843F-B4F9F7FC87AA}.Hybrid|Win32.Build.0 = Release|Win32
		{C45B3D41-2826-4FE9-843F-B4F9F7FC87AA}.Release|Win32.ActiveCfg = Release|Win32
		{C45B3D41-2826-4FE9-843F-B4F9F7FC87AA}.Release|Win32.Build.0 = Release|Win32
		{0CFFAD72-548F-4384-B3C6-80B1027B9DFA}.Debug_AssetViewer|Win32.ActiveCfg = Debug_AssetViewer|Win32
		{0CFFAD72-548F-4384-B3C6-80B1027B9DFA}.Debug_AssetViewer|Win32.Build.0 = Debug_AssetViewer|Win32
		{0CFFAD72-548F-4384-B3C6-80B1027B9DFA}.Debug|Win32.ActiveCfg = Debug|Win32
		{0CFFAD72-548F-4384-B3C6-80B1027B9DFA}.Debug|Win32.Build.0 = Debug|Win32
		{0CFFAD72-548F-4384-B3C6-80B1027B9DFA}.Hybrid|Win32.ActiveCfg = Release|Win32
		{0CFFAD72-548F-4384-B3C6-80B1027B9DFA}.Hybrid|Win32.Build.0 = Release|Win32
		{0CFFAD72-548F-4384-B3C6-80B1027B9DFA}.Release|Win32.ActiveCfg = Release|Win32
		{0CFFAD72-548F-4384-B3C6-80B1027B9DFA}.Release|Win32.Build.0 = Release|Win32
		{694D21C1-B4D1-4FFA-B43C-4CD3E10A651F}.Debug_AssetViewer|Win32.ActiveCfg = Debug_AssetViewer|Win32
		{694D21C1-B4D1-4FFA-B43C-4CD3E10A651F}.Debug_AssetViewer|Win32.Build.0 = Debug_AssetViewer|Win32
		{694D21C1-B4D1-4FFA-B43C-4CD3E10A651F}.Debug|Win32.ActiveCfg = Debug|Win32
		{694D21C1-B4D1-4FFA-B43C-4CD3E10A651F}.Debug|Win32.Build.0 = Debug|Win32
		{694D21C1-B4D1-4FFA-B43C-4CD3E10A651F}.Hybrid|Win32.ActiveCfg = Release|Win32
		{694D21C1-B4D1-4FFA-B43C-4CD3E10A651F}.Hybrid|Win32.Build.0 = Release|Win32
		{694D21C1-B4D1-4FFA-B43C-4CD3E10A651F}.Release|Win32.ActiveCfg = Release|Win32
		{694D21C1-B4D1-4FFA-B43C-4CD3E10A651F}.Release|Win32.Build.0 = Release|Win32
		{E8F6545E-81C1-4BC3-8FEF-8450441F856F}.Debug_AssetViewer|Win32.ActiveCfg = Debug_AssetViewer|Win32
		{E8F6545E-81C1-4BC3-8FEF-8450441F856F}.Debug_AssetViewer|Win32.Build.0 = Debug_AssetViewer|Win32
		{E8F6545E-81C1-4BC3-8FEF-8450441F856F}.Debug|Win32.ActiveCfg = Debug|Win32
		{E8F6545E-81C1-4BC3-8FEF-8450441F856F}.Debug|Win32.Build.0 = Debug|Win32
		{E8F6545E-81C1-4BC3-8FEF-8450441F856F}.Hybrid|Win32.ActiveCfg = Release|Win32
		{E8F6545E-81C1-4BC3-8FEF-8450441F856F}.Hybrid|Win32.Build.0 = Release|Win32
		{E8F6545E-81C1-4BC3-8FEF-8450441F856F}.Release|Win32.ActiveCfg = Release|Win32
		{E8F6545E-81C1-4BC3-8FEF-8450441F856F}.Release|Win32.Build.0 = Release|Win32
		{A7CFBAD4-57FD-4D94-83C4-111B25D2CB05}.Debug_AssetViewer|Win32.ActiveCfg = Debug_AssetViewer|Win32
		{A7CFBAD4-57FD-4D94-83C4-111B25D2CB05}.Debug_AssetViewer|Win32.Build.0 = Debug_AssetViewer|Win32
		{A7CFBAD4-57FD-4D94-83C4-111B25D2CB05}.Debug|Win32.ActiveCfg = Debug|Win32
		{A7CFBAD4-57FD-4D94-83C4-111B25D2CB05}.Debug|Win32.Build.0 = Debug|Win32
		{A7CFBAD4-57FD-4D94-83C4-111B25D2CB05}.Hybrid|Win32.ActiveCfg = Release|Win32
		{A7CFBAD4-57FD-4D94-83C4-111B25D2CB05}.Hybrid|Win32.Build.0 = Release|Win32
		{A7CFBAD4-57FD-4D94-83C4-111B25D2CB05}.Release|Win32.ActiveCfg = Release|Win32
		{A7CFBAD4-57FD-4D94-83C4-111B25D2CB05}.Release|Win32.Build.0 = Release|Win32
		{6872903F-03A5-43C4-B5FA-2B6232BD44CC}.Debug_AssetViewer|Win32.ActiveCfg = Debug_AssetViewer|Win32
		{6872903F-03A5-43C4-B5FA-2B6232BD44CC}.Debug_AssetViewer|Win32.Build.0 = Debug_AssetViewer|Win32
		{6872903F-03A5-43C4-B5FA-2B6232BD44CC}.Debug|Win32.ActiveCfg = Debug|Win32
		{6872903F-03A5-43C4-B5FA-2B6232BD44CC}.Debug|Win32.Build.0 = Debug|Win32
		{6872903F-03A5-43C4-B5FA-2B6232BD44CC}.Hybrid|Win32.ActiveCfg = Hybrid|Win32
		{6872903F-03A5-43C4-B5FA-2B6232BD44CC}.Hybrid|Win32.Build.0 = Hybrid|Win32
		{6872903F-03A5-43C4-B5FA-2B6232BD44CC}.Release|Win32.ActiveCfg = Release|Win32
		{6872903F-03A5-43C4-B5FA-2B6232BD44CC}.Release|Win32.Build.0 = Release|Win32
	EndGlobalSection
	GlobalSection(SolutionProperties) = preSolution
		HideSolutionNode = FALSE
	EndGlobalSection
EndGlobal
