
Microsoft Visual Studio Solution File, Format Version 9.00
# Visual Studio 2005
Project("{8BC9CEB8-8B4A-11D0-8D11-00A0C91BC942}") = "TestApp", "TestApp\TestApp.vcproj", "{A0F25F6A-E65F-4607-8B5D-B09055502AF2}"
	ProjectSection(ProjectDependencies) = postProject
		{FDEA512B-867E-41F1-8A68-F3C6F6134FCD} = {FDEA512B-867E-41F1-8A68-F3C6F6134FCD}
		{95E08F2E-4383-4022-B86D-8703B9131BBA} = {95E08F2E-4383-4022-B86D-8703B9131BBA}
		{13BF188D-2A1D-4D48-9235-0066C18DF3DD} = {13BF188D-2A1D-4D48-9235-0066C18DF3DD}
		{BDFE54A5-3E30-450B-8D97-96936D7A091C} = {BDFE54A5-3E30-450B-8D97-96936D7A091C}
		{0B459162-9C6C-461A-8388-5A6B9B292A73} = {0B459162-9C6C-461A-8388-5A6B9B292A73}
		{192584FC-017B-42DE-BF59-1D0E570D02D7} = {192584FC-017B-42DE-BF59-1D0E570D02D7}
		{10323016-42D6-4821-B220-5A3C293E878D} = {10323016-42D6-4821-B220-5A3C293E878D}
	EndProjectSection
EndProject
Project("{8BC9CEB8-8B4A-11D0-8D11-00A0C91BC942}") = "Framework", "Framework\Framework.vcproj", "{13BF188D-2A1D-4D48-9235-0066C18DF3DD}"
	ProjectSection(ProjectDependencies) = postProject
		{BDFE54A5-3E30-450B-8D97-96936D7A091C} = {BDFE54A5-3E30-450B-8D97-96936D7A091C}
	EndProjectSection
EndProject
Project("{8BC9CEB8-8B4A-11D0-8D11-00A0C91BC942}") = "Scene", "Scene\Scene.vcproj", "{10323016-42D6-4821-B220-5A3C293E878D}"
EndProject
Project("{8BC9CEB8-8B4A-11D0-8D11-00A0C91BC942}") = "Foundation", "foundation\foundation.vcproj", "{95E08F2E-4383-4022-B86D-8703B9131BBA}"
EndProject
Project("{8BC9CEB8-8B4A-11D0-8D11-00A0C91BC942}") = "Math", "Math\Math.vcproj", "{FDEA512B-867E-41F1-8A68-F3C6F6134FCD}"
EndProject
Project("{8BC9CEB8-8B4A-11D0-8D11-00A0C91BC942}") = "ASEParser", "ASEParser\ASEParser.vcproj", "{0B459162-9C6C-461A-8388-5A6B9B292A73}"
	ProjectSection(ProjectDependencies) = postProject
		{10323016-42D6-4821-B220-5A3C293E878D} = {10323016-42D6-4821-B220-5A3C293E878D}
		{FDEA512B-867E-41F1-8A68-F3C6F6134FCD} = {FDEA512B-867E-41F1-8A68-F3C6F6134FCD}
		{95E08F2E-4383-4022-B86D-8703B9131BBA} = {95E08F2E-4383-4022-B86D-8703B9131BBA}
		{13BF188D-2A1D-4D48-9235-0066C18DF3DD} = {13BF188D-2A1D-4D48-9235-0066C18DF3DD}
	EndProjectSection
EndProject
Project("{8BC9CEB8-8B4A-11D0-8D11-00A0C91BC942}") = "D3D9", "D3D9\D3D9.vcproj", "{BDFE54A5-3E30-450B-8D97-96936D7A091C}"
	ProjectSection(ProjectDependencies) = postProject
		{FDEA512B-867E-41F1-8A68-F3C6F6134FCD} = {FDEA512B-867E-41F1-8A68-F3C6F6134FCD}
		{95E08F2E-4383-4022-B86D-8703B9131BBA} = {95E08F2E-4383-4022-B86D-8703B9131BBA}
	EndProjectSection
EndProject
Project("{8BC9CEB8-8B4A-11D0-8D11-00A0C91BC942}") = "GUI", "GUI\GUI.vcproj", "{192584FC-017B-42DE-BF59-1D0E570D02D7}"
	ProjectSection(ProjectDependencies) = postProject
		{10323016-42D6-4821-B220-5A3C293E878D} = {10323016-42D6-4821-B220-5A3C293E878D}
		{FDEA512B-867E-41F1-8A68-F3C6F6134FCD} = {FDEA512B-867E-41F1-8A68-F3C6F6134FCD}
		{95E08F2E-4383-4022-B86D-8703B9131BBA} = {95E08F2E-4383-4022-B86D-8703B9131BBA}
		{13BF188D-2A1D-4D48-9235-0066C18DF3DD} = {13BF188D-2A1D-4D48-9235-0066C18DF3DD}
		{BDFE54A5-3E30-450B-8D97-96936D7A091C} = {BDFE54A5-3E30-450B-8D97-96936D7A091C}
	EndProjectSection
EndProject
Global
	GlobalSection(SolutionConfigurationPlatforms) = preSolution
		Debug|Win32 = Debug|Win32
		Release|Win32 = Release|Win32
	EndGlobalSection
	GlobalSection(ProjectConfigurationPlatforms) = postSolution
		{A0F25F6A-E65F-4607-8B5D-B09055502AF2}.Debug|Win32.ActiveCfg = Debug|Win32
		{A0F25F6A-E65F-4607-8B5D-B09055502AF2}.Debug|Win32.Build.0 = Debug|Win32
		{A0F25F6A-E65F-4607-8B5D-B09055502AF2}.Release|Win32.ActiveCfg = Release|Win32
		{A0F25F6A-E65F-4607-8B5D-B09055502AF2}.Release|Win32.Build.0 = Release|Win32
		{13BF188D-2A1D-4D48-9235-0066C18DF3DD}.Debug|Win32.ActiveCfg = Debug|Win32
		{13BF188D-2A1D-4D48-9235-0066C18DF3DD}.Debug|Win32.Build.0 = Debug|Win32
		{13BF188D-2A1D-4D48-9235-0066C18DF3DD}.Release|Win32.ActiveCfg = Release|Win32
		{13BF188D-2A1D-4D48-9235-0066C18DF3DD}.Release|Win32.Build.0 = Release|Win32
		{10323016-42D6-4821-B220-5A3C293E878D}.Debug|Win32.ActiveCfg = Debug|Win32
		{10323016-42D6-4821-B220-5A3C293E878D}.Debug|Win32.Build.0 = Debug|Win32
		{10323016-42D6-4821-B220-5A3C293E878D}.Release|Win32.ActiveCfg = Release|Win32
		{10323016-42D6-4821-B220-5A3C293E878D}.Release|Win32.Build.0 = Release|Win32
		{95E08F2E-4383-4022-B86D-8703B9131BBA}.Debug|Win32.ActiveCfg = Debug|Win32
		{95E08F2E-4383-4022-B86D-8703B9131BBA}.Debug|Win32.Build.0 = Debug|Win32
		{95E08F2E-4383-4022-B86D-8703B9131BBA}.Release|Win32.ActiveCfg = Release|Win32
		{95E08F2E-4383-4022-B86D-8703B9131BBA}.Release|Win32.Build.0 = Release|Win32
		{FDEA512B-867E-41F1-8A68-F3C6F6134FCD}.Debug|Win32.ActiveCfg = Debug|Win32
		{FDEA512B-867E-41F1-8A68-F3C6F6134FCD}.Debug|Win32.Build.0 = Debug|Win32
		{FDEA512B-867E-41F1-8A68-F3C6F6134FCD}.Release|Win32.ActiveCfg = Release|Win32
		{FDEA512B-867E-41F1-8A68-F3C6F6134FCD}.Release|Win32.Build.0 = Release|Win32
		{0B459162-9C6C-461A-8388-5A6B9B292A73}.Debug|Win32.ActiveCfg = Debug|Win32
		{0B459162-9C6C-461A-8388-5A6B9B292A73}.Debug|Win32.Build.0 = Debug|Win32
		{0B459162-9C6C-461A-8388-5A6B9B292A73}.Release|Win32.ActiveCfg = Release|Win32
		{0B459162-9C6C-461A-8388-5A6B9B292A73}.Release|Win32.Build.0 = Release|Win32
		{BDFE54A5-3E30-450B-8D97-96936D7A091C}.Debug|Win32.ActiveCfg = Debug|Win32
		{BDFE54A5-3E30-450B-8D97-96936D7A091C}.Debug|Win32.Build.0 = Debug|Win32
		{BDFE54A5-3E30-450B-8D97-96936D7A091C}.Release|Win32.ActiveCfg = Release|Win32
		{BDFE54A5-3E30-450B-8D97-96936D7A091C}.Release|Win32.Build.0 = Release|Win32
		{192584FC-017B-42DE-BF59-1D0E570D02D7}.Debug|Win32.ActiveCfg = Debug|Win32
		{192584FC-017B-42DE-BF59-1D0E570D02D7}.Debug|Win32.Build.0 = Debug|Win32
		{192584FC-017B-42DE-BF59-1D0E570D02D7}.Release|Win32.ActiveCfg = Release|Win32
		{192584FC-017B-42DE-BF59-1D0E570D02D7}.Release|Win32.Build.0 = Release|Win32
	EndGlobalSection
	GlobalSection(SolutionProperties) = preSolution
		HideSolutionNode = FALSE
	EndGlobalSection
EndGlobal
