
Microsoft Visual Studio Solution File, Format Version 9.00
# Visual Studio 2005
Project("{8BC9CEB8-8B4A-11D0-8D11-00A0C91BC942}") = "D3DEngine", "D3DEngine\D3DEngine.vcproj", "{8B1DA738-14A2-46E0-AA25-E1EC4C14F3E1}"
EndProject
Project("{2150E333-8FDC-42A3-9474-1A3956D46DE8}") = "솔루션 항목", "솔루션 항목", "{404EEA8C-CA05-46EA-99E4-1C06FF9756B1}"
	ProjectSection(SolutionItems) = preProject
		666.vsd = 666.vsd
	EndProjectSection
EndProject
Global
	GlobalSection(SolutionConfigurationPlatforms) = preSolution
		Debug|Win32 = Debug|Win32
		Release|Win32 = Release|Win32
	EndGlobalSection
	GlobalSection(ProjectConfigurationPlatforms) = postSolution
		{8B1DA738-14A2-46E0-AA25-E1EC4C14F3E1}.Debug|Win32.ActiveCfg = Debug|Win32
		{8B1DA738-14A2-46E0-AA25-E1EC4C14F3E1}.Debug|Win32.Build.0 = Debug|Win32
		{8B1DA738-14A2-46E0-AA25-E1EC4C14F3E1}.Release|Win32.ActiveCfg = Release|Win32
		{8B1DA738-14A2-46E0-AA25-E1EC4C14F3E1}.Release|Win32.Build.0 = Release|Win32
	EndGlobalSection
	GlobalSection(SolutionProperties) = preSolution
		HideSolutionNode = FALSE
	EndGlobalSection
EndGlobal
